
Microsoft Visual Studio Solution File, Format Version 12.00
# Visual Studio Version 16
VisualStudioVersion = 16.0.31313.79
MinimumVisualStudioVersion = 10.0.40219.1
Project("{9A19103F-16F7-4668-BE54-9A1E7A4F7556}") = "ArcticIntelligence", "ArcticIntelligence\ArcticIntelligence.csproj", "{C8801534-AB37-43C7-B516-AA402B6EEECD}"
EndProject
Project("{9A19103F-16F7-4668-BE54-9A1E7A4F7556}") = "ArcticIntelligence.Test", "ArcticIntelligence.Test\ArcticIntelligence.Test.csproj", "{1DA5035F-2AD5-49CC-B412-ACB636AC30C2}"
EndProject
Global
	GlobalSection(SolutionConfigurationPlatforms) = preSolution
		Debug|Any CPU = Debug|Any CPU
		Release|Any CPU = Release|Any CPU
	EndGlobalSection
	GlobalSection(ProjectConfigurationPlatforms) = postSolution
		{C8801534-AB37-43C7-B516-AA402B6EEECD}.Debug|Any CPU.ActiveCfg = Debug|Any CPU
		{C8801534-AB37-43C7-B516-AA402B6EEECD}.Debug|Any CPU.Build.0 = Debug|Any CPU
		{C8801534-AB37-43C7-B516-AA402B6EEECD}.Release|Any CPU.ActiveCfg = Release|Any CPU
		{C8801534-AB37-43C7-B516-AA402B6EEECD}.Release|Any CPU.Build.0 = Release|Any CPU
		{1DA5035F-2AD5-49CC-B412-ACB636AC30C2}.Debug|Any CPU.ActiveCfg = Debug|Any CPU
		{1DA5035F-2AD5-49CC-B412-ACB636AC30C2}.Debug|Any CPU.Build.0 = Debug|Any CPU
		{1DA5035F-2AD5-49CC-B412-ACB636AC30C2}.Release|Any CPU.ActiveCfg = Release|Any CPU
		{1DA5035F-2AD5-49CC-B412-ACB636AC30C2}.Release|Any CPU.Build.0 = Release|Any CPU
	EndGlobalSection
	GlobalSection(SolutionProperties) = preSolution
		HideSolutionNode = FALSE
	EndGlobalSection
	GlobalSection(ExtensibilityGlobals) = postSolution
		SolutionGuid = {EDA5FD71-9963-49B0-A749-D7C00D2AD8D8}
	EndGlobalSection
EndGlobal
